{
  "name": "benchmark",
  "version": "1.0.0",
  "lockfileVersion": 2,
  "requires": true,
  "packages": {
    "": {
      "name": "benchmark",
      "version": "1.0.0",
      "license": "ISC",
      "dependencies": {
        "uuid": "^9.0.0"
      },
      "devDependencies": {
        "@types/uuid": "^9.0.0"
      }
    },
    "node_modules/@types/uuid": {
      "version": "9.0.0",
      "resolved": "https://registry.npmjs.org/@types/uuid/-/uuid-9.0.0.tgz",
      "integrity": "sha512-kr90f+ERiQtKWMz5rP32ltJ/BtULDI5RVO0uavn1HQUOwjx0R1h0rnDYNL0CepF1zL5bSY6FISAfd9tOdDhU5Q==",
      "dev": true
    },
    "node_modules/uuid": {
      "version": "9.0.0",
      "resolved": "https://registry.npmjs.org/uuid/-/uuid-9.0.0.tgz",
      "integrity": "sha512-MXcSTerfPa4uqyzStbRoTgt5XIe3x5+42+q1sDuy3R5MDk66URdLMOZe5aPX/SQd+kuYAh0FdP/pO28IkQyTeg==",
      "bin": {
        "uuid": "dist/bin/uuid"
      }
    }
  },
  "dependencies": {
    "@types/uuid": {
      "version": "9.0.0",
      "resolved": "https://registry.npmjs.org/@types/uuid/-/uuid-9.0.0.tgz",
      "integrity": "sha512-kr90f+ERiQtKWMz5rP32ltJ/BtULDI5RVO0uavn1HQUOwjx0R1h0rnDYNL0CepF1zL5bSY6FISAfd9tOdDhU5Q==",
      "dev": true
    },
    "uuid": {
      "version": "9.0.0",
      "resolved": "https://registry.npmjs.org/uuid/-/uuid-9.0.0.tgz",
      "integrity": "sha512-MXcSTerfPa4uqyzStbRoTgt5XIe3x5+42+q1sDuy3R5MDk66URdLMOZe5aPX/SQd+kuYAh0FdP/pO28IkQyTeg=="
    }
  }
}
